// !$*UTF8*$!
{
	archiveVersion = 1;
	classes = {
	};
	objectVersion = 50;
	objects = {

/* Begin PBXBuildFile section */
		D5A050B025BB8F8600B34E7C /* Tests_iOS.swift in Sources */ = {isa = PBXBuildFile; fileRef = D5A050AF25BB8F8600B34E7C /* Tests_iOS.swift */; };
		D5A050BB25BB8F8600B34E7C /* Tests_macOS.swift in Sources */ = {isa = PBXBuildFile; fileRef = D5A050BA25BB8F8600B34E7C /* Tests_macOS.swift */; };
		D5A050BD25BB8F8600B34E7C /* SphereBoxCalculatorApp.swift in Sources */ = {isa = PBXBuildFile; fileRef = D5A0509425BB8F8300B34E7C /* SphereBoxCalculatorApp.swift */; };
		D5A050BE25BB8F8600B34E7C /* SphereBoxCalculatorApp.swift in Sources */ = {isa = PBXBuildFile; fileRef = D5A0509425BB8F8300B34E7C /* SphereBoxCalculatorApp.swift */; };
		D5A050BF25BB8F8600B34E7C /* ContentView.swift in Sources */ = {isa = PBXBuildFile; fileRef = D5A0509525BB8F8300B34E7C /* ContentView.swift */; };
		D5A050C025BB8F8600B34E7C /* ContentView.swift in Sources */ = {isa = PBXBuildFile; fileRef = D5A0509525BB8F8300B34E7C /* ContentView.swift */; };
		D5A050C125BB8F8600B34E7C /* Assets.xcassets in Resources */ = {isa = PBXBuildFile; fileRef = D5A0509625BB8F8500B34E7C /* Assets.xcassets */; };
		D5A050C225BB8F8600B34E7C /* Assets.xcassets in Resources */ = {isa = PBXBuildFile; fileRef = D5A0509625BB8F8500B34E7C /* Assets.xcassets */; };
		D5A050E225BBA6B300B34E7C /* SphereCalc.swift in Sources */ = {isa = PBXBuildFile; fileRef = D5A050E125BBA6B300B34E7C /* SphereCalc.swift */; };
		D5A050E325BBA6B300B34E7C /* SphereCalc.swift in Sources */ = {isa = PBXBuildFile; fileRef = D5A050E125BBA6B300B34E7C /* SphereCalc.swift */; };
		D5A050E425BBA6B300B34E7C /* SphereCalc.swift in Sources */ = {isa = PBXBuildFile; fileRef = D5A050E125BBA6B300B34E7C /* SphereCalc.swift */; };
		D5A050E525BBA6B300B34E7C /* SphereCalc.swift in Sources */ = {isa = PBXBuildFile; fileRef = D5A050E125BBA6B300B34E7C /* SphereCalc.swift */; };
/* End PBXBuildFile section */

/* Begin PBXContainerItemProxy section */
		D5A050AC25BB8F8600B34E7C /* PBXContainerItemProxy */ = {
			isa = PBXContainerItemProxy;
			containerPortal = D5A0508F25BB8F8300B34E7C /* Project object */;
			proxyType = 1;
			remoteGlobalIDString = D5A0509A25BB8F8600B34E7C;
			remoteInfo = "SphereBoxCalculator (iOS)";
		};
		D5A050B725BB8F8600B34E7C /* PBXContainerItemProxy */ = {
			isa = PBXContainerItemProxy;
			containerPortal = D5A0508F25BB8F8300B34E7C /* Project object */;
			proxyType = 1;
			remoteGlobalIDString = D5A050A225BB8F8600B34E7C;
			remoteInfo = "SphereBoxCalculator (macOS)";
		};
/* End PBXContainerItemProxy section */

/* Begin PBXFileReference section */
		D5A0509425BB8F8300B34E7C /* SphereBoxCalculatorApp.swift */ = {isa = PBXFileReference; lastKnownFileType = sourcecode.swift; path = SphereBoxCalculatorApp.swift; sourceTree = "<group>"; };
		D5A0509525BB8F8300B34E7C /* ContentView.swift */ = {isa = PBXFileReference; lastKnownFileType = sourcecode.swift; path = ContentView.swift; sourceTree = "<group>"; };
		D5A0509625BB8F8500B34E7C /* Assets.xcassets */ = {isa = PBXFileReference; lastKnownFileType = folder.assetcatalog; path = Assets.xcassets; sourceTree = "<group>"; };
		D5A0509B25BB8F8600B34E7C /* SphereBoxCalculator.app */ = {isa = PBXFileReference; explicitFileType = wrapper.application; includeInIndex = 0; path = SphereBoxCalculator.app; sourceTree = BUILT_PRODUCTS_DIR; };
		D5A0509E25BB8F8600B34E7C /* Info.plist */ = {isa = PBXFileReference; lastKnownFileType = text.plist.xml; path = Info.plist; sourceTree = "<group>"; };
		D5A050A325BB8F8600B34E7C /* SphereBoxCalculator.app */ = {isa = PBXFileReference; explicitFileType = wrapper.application; includeInIndex = 0; path = SphereBoxCalculator.app; sourceTree = BUILT_PRODUCTS_DIR; };
		D5A050A525BB8F8600B34E7C /* Info.plist */ = {isa = PBXFileReference; lastKnownFileType = text.plist.xml; path = Info.plist; sourceTree = "<group>"; };
		D5A050A625BB8F8600B34E7C /* macOS.entitlements */ = {isa = PBXFileReference; lastKnownFileType = text.plist.entitlements; path = macOS.entitlements; sourceTree = "<group>"; };
		D5A050AB25BB8F8600B34E7C /* Tests iOS.xctest */ = {isa = PBXFileReference; explicitFileType = wrapper.cfbundle; includeInIndex = 0; path = "Tests iOS.xctest"; sourceTree = BUILT_PRODUCTS_DIR; };
		D5A050AF25BB8F8600B34E7C /* Tests_iOS.swift */ = {isa = PBXFileReference; lastKnownFileType = sourcecode.swift; path = Tests_iOS.swift; sourceTree = "<group>"; };
		D5A050B125BB8F8600B34E7C /* Info.plist */ = {isa = PBXFileReference; lastKnownFileType = text.plist.xml; path = Info.plist; sourceTree = "<group>"; };
		D5A050B625BB8F8600B34E7C /* Tests macOS.xctest */ = {isa = PBXFileReference; explicitFileType = wrapper.cfbundle; includeInIndex = 0; path = "Tests macOS.xctest"; sourceTree = BUILT_PRODUCTS_DIR; };
		D5A050BA25BB8F8600B34E7C /* Tests_macOS.swift */ = {isa = PBXFileReference; lastKnownFileType = sourcecode.swift; path = Tests_macOS.swift; sourceTree = "<group>"; };
		D5A050BC25BB8F8600B34E7C /* Info.plist */ = {isa = PBXFileReference; lastKnownFileType = text.plist.xml; path = Info.plist; sourceTree = "<group>"; };
		D5A050E125BBA6B300B34E7C /* SphereCalc.swift */ = {isa = PBXFileReference; lastKnownFileType = sourcecode.swift; path = SphereCalc.swift; sourceTree = "<group>"; };
/* End PBXFileReference section */

/* Begin PBXFrameworksBuildPhase section */
		D5A0509825BB8F8600B34E7C /* Frameworks */ = {
			isa = PBXFrameworksBuildPhase;
			buildActionMask = 2147483647;
			files = (
			);
			runOnlyForDeploymentPostprocessing = 0;
		};
		D5A050A025BB8F8600B34E7C /* Frameworks */ = {
			isa = PBXFrameworksBuildPhase;
			buildActionMask = 2147483647;
			files = (
			);
			runOnlyForDeploymentPostprocessing = 0;
		};
		D5A050A825BB8F8600B34E7C /* Frameworks */ = {
			isa = PBXFrameworksBuildPhase;
			buildActionMask = 2147483647;
			files = (
			);
			runOnlyForDeploymentPostprocessing = 0;
		};
		D5A050B325BB8F8600B34E7C /* Frameworks */ = {
			isa = PBXFrameworksBuildPhase;
			buildActionMask = 2147483647;
			files = (
			);
			runOnlyForDeploymentPostprocessing = 0;
		};
/* End PBXFrameworksBuildPhase section */

/* Begin PBXGroup section */
		D5A0508E25BB8F8300B34E7C = {
			isa = PBXGroup;
			children = (
				D5A0509325BB8F8300B34E7C /* Shared */,
				D5A0509D25BB8F8600B34E7C /* iOS */,
				D5A050A425BB8F8600B34E7C /* macOS */,
				D5A050AE25BB8F8600B34E7C /* Tests iOS */,
				D5A050B925BB8F8600B34E7C /* Tests macOS */,
				D5A0509C25BB8F8600B34E7C /* Products */,
			);
			sourceTree = "<group>";
		};
		D5A0509325BB8F8300B34E7C /* Shared */ = {
			isa = PBXGroup;
			children = (
				D5A0509425BB8F8300B34E7C /* SphereBoxCalculatorApp.swift */,
				D5A0509525BB8F8300B34E7C /* ContentView.swift */,
				D5A050E125BBA6B300B34E7C /* SphereCalc.swift */,
				D5A0509625BB8F8500B34E7C /* Assets.xcassets */,
			);
			path = Shared;
			sourceTree = "<group>";
		};
		D5A0509C25BB8F8600B34E7C /* Products */ = {
			isa = PBXGroup;
			children = (
				D5A0509B25BB8F8600B34E7C /* SphereBoxCalculator.app */,
				D5A050A325BB8F8600B34E7C /* SphereBoxCalculator.app */,
				D5A050AB25BB8F8600B34E7C /* Tests iOS.xctest */,
				D5A050B625BB8F8600B34E7C /* Tests macOS.xctest */,
			);
			name = Products;
			sourceTree = "<group>";
		};
		D5A0509D25BB8F8600B34E7C /* iOS */ = {
			isa = PBXGroup;
			children = (
				D5A0509E25BB8F8600B34E7C /* Info.plist */,
			);
			path = iOS;
			sourceTree = "<group>";
		};
		D5A050A425BB8F8600B34E7C /* macOS */ = {
			isa = PBXGroup;
			children = (
				D5A050A525BB8F8600B34E7C /* Info.plist */,
				D5A050A625BB8F8600B34E7C /* macOS.entitlements */,
			);
			path = macOS;
			sourceTree = "<group>";
		};
		D5A050AE25BB8F8600B34E7C /* Tests iOS */ = {
			isa = PBXGroup;
			children = (
				D5A050AF25BB8F8600B34E7C /* Tests_iOS.swift */,
				D5A050B125BB8F8600B34E7C /* Info.plist */,
			);
			path = "Tests iOS";
			sourceTree = "<group>";
		};
		D5A050B925BB8F8600B34E7C /* Tests macOS */ = {
			isa = PBXGroup;
			children = (
				D5A050BA25BB8F8600B34E7C /* Tests_macOS.swift */,
				D5A050BC25BB8F8600B34E7C /* Info.plist */,
			);
			path = "Tests macOS";
			sourceTree = "<group>";
		};
/* End PBXGroup section */

/* Begin PBXNativeTarget section */
		D5A0509A25BB8F8600B34E7C /* SphereBoxCalculator (iOS) */ = {
			isa = PBXNativeTarget;
			buildConfigurationList = D5A050C525BB8F8600B34E7C /* Build configuration list for PBXNativeTarget "SphereBoxCalculator (iOS)" */;
			buildPhases = (
				D5A0509725BB8F8600B34E7C /* Sources */,
				D5A0509825BB8F8600B34E7C /* Frameworks */,
				D5A0509925BB8F8600B34E7C /* Resources */,
			);
			buildRules = (
			);
			dependencies = (
			);
			name = "SphereBoxCalculator (iOS)";
			productName = "SphereBoxCalculator (iOS)";
			productReference = D5A0509B25BB8F8600B34E7C /* SphereBoxCalculator.app */;
			productType = "com.apple.product-type.application";
		};
		D5A050A225BB8F8600B34E7C /* SphereBoxCalculator (macOS) */ = {
			isa = PBXNativeTarget;
			buildConfigurationList = D5A050C825BB8F8600B34E7C /* Build configuration list for PBXNativeTarget "SphereBoxCalculator (macOS)" */;
			buildPhases = (
				D5A0509F25BB8F8600B34E7C /* Sources */,
				D5A050A025BB8F8600B34E7C /* Frameworks */,
				D5A050A125BB8F8600B34E7C /* Resources */,
			);
			buildRules = (
			);
			dependencies = (
			);
			name = "SphereBoxCalculator (macOS)";
			productName = "SphereBoxCalculator (macOS)";
			productReference = D5A050A325BB8F8600B34E7C /* SphereBoxCalculator.app */;
			productType = "com.apple.product-type.application";
		};
		D5A050AA25BB8F8600B34E7C /* Tests iOS */ = {
			isa = PBXNativeTarget;
			buildConfigurationList = D5A050CB25BB8F8600B34E7C /* Build configuration list for PBXNativeTarget "Tests iOS" */;
			buildPhases = (
				D5A050A725BB8F8600B34E7C /* Sources */,
				D5A050A825BB8F8600B34E7C /* Frameworks */,
				D5A050A925BB8F8600B34E7C /* Resources */,
			);
			buildRules = (
			);
			dependencies = (
				D5A050AD25BB8F8600B34E7C /* PBXTargetDependency */,
			);
			name = "Tests iOS";
			productName = "Tests iOS";
			productReference = D5A050AB25BB8F8600B34E7C /* Tests iOS.xctest */;
			productType = "com.apple.product-type.bundle.ui-testing";
		};
		D5A050B525BB8F8600B34E7C /* Tests macOS */ = {
			isa = PBXNativeTarget;
			buildConfigurationList = D5A050CE25BB8F8600B34E7C /* Build configuration list for PBXNativeTarget "Tests macOS" */;
			buildPhases = (
				D5A050B225BB8F8600B34E7C /* Sources */,
				D5A050B325BB8F8600B34E7C /* Frameworks */,
				D5A050B425BB8F8600B34E7C /* Resources */,
			);
			buildRules = (
			);
			dependencies = (
				D5A050B825BB8F8600B34E7C /* PBXTargetDependency */,
			);
			name = "Tests macOS";
			productName = "Tests macOS";
			productReference = D5A050B625BB8F8600B34E7C /* Tests macOS.xctest */;
			productType = "com.apple.product-type.bundle.ui-testing";
		};
/* End PBXNativeTarget section */

/* Begin PBXProject section */
		D5A0508F25BB8F8300B34E7C /* Project object */ = {
			isa = PBXProject;
			attributes = {
				LastSwiftUpdateCheck = 1230;
				LastUpgradeCheck = 1230;
				TargetAttributes = {
					D5A0509A25BB8F8600B34E7C = {
						CreatedOnToolsVersion = 12.3;
					};
					D5A050A225BB8F8600B34E7C = {
						CreatedOnToolsVersion = 12.3;
					};
					D5A050AA25BB8F8600B34E7C = {
						CreatedOnToolsVersion = 12.3;
						TestTargetID = D5A0509A25BB8F8600B34E7C;
					};
					D5A050B525BB8F8600B34E7C = {
						CreatedOnToolsVersion = 12.3;
						TestTargetID = D5A050A225BB8F8600B34E7C;
					};
				};
			};
			buildConfigurationList = D5A0509225BB8F8300B34E7C /* Build configuration list for PBXProject "SphereBoxCalculator" */;
			compatibilityVersion = "Xcode 9.3";
			developmentRegion = en;
			hasScannedForEncodings = 0;
			knownRegions = (
				en,
				Base,
			);
			mainGroup = D5A0508E25BB8F8300B34E7C;
			productRefGroup = D5A0509C25BB8F8600B34E7C /* Products */;
			projectDirPath = "";
			projectRoot = "";
			targets = (
				D5A0509A25BB8F8600B34E7C /* SphereBoxCalculator (iOS) */,
				D5A050A225BB8F8600B34E7C /* SphereBoxCalculator (macOS) */,
				D5A050AA25BB8F8600B34E7C /* Tests iOS */,
				D5A050B525BB8F8600B34E7C /* Tests macOS */,
			);
		};
/* End PBXProject section */

/* Begin PBXResourcesBuildPhase section */
		D5A0509925BB8F8600B34E7C /* Resources */ = {
			isa = PBXResourcesBuildPhase;
			buildActionMask = 2147483647;
			files = (
				D5A050C125BB8F8600B34E7C /* Assets.xcassets in Resources */,
			);
			runOnlyForDeploymentPostprocessing = 0;
		};
		D5A050A125BB8F8600B34E7C /* Resources */ = {
			isa = PBXResourcesBuildPhase;
			buildActionMask = 2147483647;
			files = (
				D5A050C225BB8F8600B34E7C /* Assets.xcassets in Resources */,
			);
			runOnlyForDeploymentPostprocessing = 0;
		};
		D5A050A925BB8F8600B34E7C /* Resources */ = {
			isa = PBXResourcesBuildPhase;
			buildActionMask = 2147483647;
			files = (
			);
			runOnlyForDeploymentPostprocessing = 0;
		};
		D5A050B425BB8F8600B34E7C /* Resources */ = {
			isa = PBXResourcesBuildPhase;
			buildActionMask = 2147483647;
			files = (
			);
			runOnlyForDeploymentPostprocessing = 0;
		};
/* End PBXResourcesBuildPhase section */

/* Begin PBXSourcesBuildPhase section */
		D5A0509725BB8F8600B34E7C /* Sources */ = {
			isa = PBXSourcesBuildPhase;
			buildActionMask = 2147483647;
			files = (
				D5A050BF25BB8F8600B34E7C /* ContentView.swift in Sources */,
				D5A050BD25BB8F8600B34E7C /* SphereBoxCalculatorApp.swift in Sources */,
				D5A050E225BBA6B300B34E7C /* SphereCalc.swift in Sources */,
			);
			runOnlyForDeploymentPostprocessing = 0;
		};
		D5A0509F25BB8F8600B34E7C /* Sources */ = {
			isa = PBXSourcesBuildPhase;
			buildActionMask = 2147483647;
			files = (
				D5A050C025BB8F8600B34E7C /* ContentView.swift in Sources */,
				D5A050BE25BB8F8600B34E7C /* SphereBoxCalculatorApp.swift in Sources */,
				D5A050E325BBA6B300B34E7C /* SphereCalc.swift in Sources */,
			);
			runOnlyForDeploymentPostprocessing = 0;
		};
		D5A050A725BB8F8600B34E7C /* Sources */ = {
			isa = PBXSourcesBuildPhase;
			buildActionMask = 2147483647;
			files = (
				D5A050B025BB8F8600B34E7C /* Tests_iOS.swift in Sources */,
				D5A050E425BBA6B300B34E7C /* SphereCalc.swift in Sources */,
			);
			runOnlyForDeploymentPostprocessing = 0;
		};
		D5A050B225BB8F8600B34E7C /* Sources */ = {
			isa = PBXSourcesBuildPhase;
			buildActionMask = 2147483647;
			files = (
				D5A050BB25BB8F8600B34E7C /* Tests_macOS.swift in Sources */,
				D5A050E525BBA6B300B34E7C /* SphereCalc.swift in Sources */,
			);
			runOnlyForDeploymentPostprocessing = 0;
		};
/* End PBXSourcesBuildPhase section */

/* Begin PBXTargetDependency section */
		D5A050AD25BB8F8600B34E7C /* PBXTargetDependency */ = {
			isa = PBXTargetDependency;
			target = D5A0509A25BB8F8600B34E7C /* SphereBoxCalculator (iOS) */;
			targetProxy = D5A050AC25BB8F8600B34E7C /* PBXContainerItemProxy */;
		};
		D5A050B825BB8F8600B34E7C /* PBXTargetDependency */ = {
			isa = PBXTargetDependency;
			target = D5A050A225BB8F8600B34E7C /* SphereBoxCalculator (macOS) */;
			targetProxy = D5A050B725BB8F8600B34E7C /* PBXContainerItemProxy */;
		};
/* End PBXTargetDependency section */

/* Begin XCBuildConfiguration section */
		D5A050C325BB8F8600B34E7C /* Debug */ = {
			isa = XCBuildConfiguration;
			buildSettings = {
				ALWAYS_SEARCH_USER_PATHS = NO;
				CLANG_ANALYZER_NONNULL = YES;
				CLANG_ANALYZER_NUMBER_OBJECT_CONVERSION = YES_AGGRESSIVE;
				CLANG_CXX_LANGUAGE_STANDARD = "gnu++14";
				CLANG_CXX_LIBRARY = "libc++";
				CLANG_ENABLE_MODULES = YES;
				CLANG_ENABLE_OBJC_ARC = YES;
				CLANG_ENABLE_OBJC_WEAK = YES;
				CLANG_WARN_BLOCK_CAPTURE_AUTORELEASING = YES;
				CLANG_WARN_BOOL_CONVERSION = YES;
				CLANG_WARN_COMMA = YES;
				CLANG_WARN_CONSTANT_CONVERSION = YES;
				CLANG_WARN_DEPRECATED_OBJC_IMPLEMENTATIONS = YES;
				CLANG_WARN_DIRECT_OBJC_ISA_USAGE = YES_ERROR;
				CLANG_WARN_DOCUMENTATION_COMMENTS = YES;
				CLANG_WARN_EMPTY_BODY = YES;
				CLANG_WARN_ENUM_CONVERSION = YES;
				CLANG_WARN_INFINITE_RECURSION = YES;
				CLANG_WARN_INT_CONVERSION = YES;
				CLANG_WARN_NON_LITERAL_NULL_CONVERSION = YES;
				CLANG_WARN_OBJC_IMPLICIT_RETAIN_SELF = YES;
				CLANG_WARN_OBJC_LITERAL_CONVERSION = YES;
				CLANG_WARN_OBJC_ROOT_CLASS = YES_ERROR;
				CLANG_WARN_QUOTED_INCLUDE_IN_FRAMEWORK_HEADER = YES;
				CLANG_WARN_RANGE_LOOP_ANALYSIS = YES;
				CLANG_WARN_STRICT_PROTOTYPES = YES;
				CLANG_WARN_SUSPICIOUS_MOVE = YES;
				CLANG_WARN_UNGUARDED_AVAILABILITY = YES_AGGRESSIVE;
				CLANG_WARN_UNREACHABLE_CODE = YES;
				CLANG_WARN__DUPLICATE_METHOD_MATCH = YES;
				COPY_PHASE_STRIP = NO;
				DEBUG_INFORMATION_FORMAT = dwarf;
				ENABLE_STRICT_OBJC_MSGSEND = YES;
				ENABLE_TESTABILITY = YES;
				GCC_C_LANGUAGE_STANDARD = gnu11;
				GCC_DYNAMIC_NO_PIC = NO;
				GCC_NO_COMMON_BLOCKS = YES;
				GCC_OPTIMIZATION_LEVEL = 0;
				GCC_PREPROCESSOR_DEFINITIONS = (
					"DEBUG=1",
					"$(inherited)",
				);
				GCC_WARN_64_TO_32_BIT_CONVERSION = YES;
				GCC_WARN_ABOUT_RETURN_TYPE = YES_ERROR;
				GCC_WARN_UNDECLARED_SELECTOR = YES;
				GCC_WARN_UNINITIALIZED_AUTOS = YES_AGGRESSIVE;
				GCC_WARN_UNUSED_FUNCTION = YES;
				GCC_WARN_UNUSED_VARIABLE = YES;
				MTL_ENABLE_DEBUG_INFO = INCLUDE_SOURCE;
				MTL_FAST_MATH = YES;
				ONLY_ACTIVE_ARCH = YES;
				SWIFT_ACTIVE_COMPILATION_CONDITIONS = DEBUG;
				SWIFT_OPTIMIZATION_LEVEL = "-Onone";
			};
			name = Debug;
		};
		D5A050C425BB8F8600B34E7C /* Release */ = {
			isa = XCBuildConfiguration;
			buildSettings = {
				ALWAYS_SEARCH_USER_PATHS = NO;
				CLANG_ANALYZER_NONNULL = YES;
				CLANG_ANALYZER_NUMBER_OBJECT_CONVERSION = YES_AGGRESSIVE;
				CLANG_CXX_LANGUAGE_STANDARD = "gnu++14";
				CLANG_CXX_LIBRARY = "libc++";
				CLANG_ENABLE_MODULES = YES;
				CLANG_ENABLE_OBJC_ARC = YES;
				CLANG_ENABLE_OBJC_WEAK = YES;
				CLANG_WARN_BLOCK_CAPTURE_AUTORELEASING = YES;
				CLANG_WARN_BOOL_CONVERSION = YES;
				CLANG_WARN_COMMA = YES;
				CLANG_WARN_CONSTANT_CONVERSION = YES;
				CLANG_WARN_DEPRECATED_OBJC_IMPLEMENTATIONS = YES;
				CLANG_WARN_DIRECT_OBJC_ISA_USAGE = YES_ERROR;
				CLANG_WARN_DOCUMENTATION_COMMENTS = YES;
				CLANG_WARN_EMPTY_BODY = YES;
				CLANG_WARN_ENUM_CONVERSION = YES;
				CLANG_WARN_INFINITE_RECURSION = YES;
				CLANG_WARN_INT_CONVERSION = YES;
				CLANG_WARN_NON_LITERAL_NULL_CONVERSION = YES;
				CLANG_WARN_OBJC_IMPLICIT_RETAIN_SELF = YES;
				CLANG_WARN_OBJC_LITERAL_CONVERSION = YES;
				CLANG_WARN_OBJC_ROOT_CLASS = YES_ERROR;
				CLANG_WARN_QUOTED_INCLUDE_IN_FRAMEWORK_HEADER = YES;
				CLANG_WARN_RANGE_LOOP_ANALYSIS = YES;
				CLANG_WARN_STRICT_PROTOTYPES = YES;
				CLANG_WARN_SUSPICIOUS_MOVE = YES;
				CLANG_WARN_UNGUARDED_AVAILABILITY = YES_AGGRESSIVE;
				CLANG_WARN_UNREACHABLE_CODE = YES;
				CLANG_WARN__DUPLICATE_METHOD_MATCH = YES;
				COPY_PHASE_STRIP = NO;
				DEBUG_INFORMATION_FORMAT = "dwarf-with-dsym";
				ENABLE_NS_ASSERTIONS = NO;
				ENABLE_STRICT_OBJC_MSGSEND = YES;
				GCC_C_LANGUAGE_STANDARD = gnu11;
				GCC_NO_COMMON_BLOCKS = YES;
				GCC_WARN_64_TO_32_BIT_CONVERSION = YES;
				GCC_WARN_ABOUT_RETURN_TYPE = YES_ERROR;
				GCC_WARN_UNDECLARED_SELECTOR = YES;
				GCC_WARN_UNINITIALIZED_AUTOS = YES_AGGRESSIVE;
				GCC_WARN_UNUSED_FUNCTION = YES;
				GCC_WARN_UNUSED_VARIABLE = YES;
				MTL_ENABLE_DEBUG_INFO = NO;
				MTL_FAST_MATH = YES;
				SWIFT_COMPILATION_MODE = wholemodule;
				SWIFT_OPTIMIZATION_LEVEL = "-O";
			};
			name = Release;
		};
		D5A050C625BB8F8600B34E7C /* Debug */ = {
			isa = XCBuildConfiguration;
			buildSettings = {
				ASSETCATALOG_COMPILER_APPICON_NAME = AppIcon;
				ASSETCATALOG_COMPILER_GLOBAL_ACCENT_COLOR_NAME = AccentColor;
				CODE_SIGN_STYLE = Automatic;
				DEVELOPMENT_TEAM = 3CJZCVG5JC;
				ENABLE_PREVIEWS = YES;
				INFOPLIST_FILE = iOS/Info.plist;
				IPHONEOS_DEPLOYMENT_TARGET = 14.0;
				LD_RUNPATH_SEARCH_PATHS = (
					"$(inherited)",
					"@executable_path/Frameworks",
				);
				PRODUCT_BUNDLE_IDENTIFIER = com.SLIIT.SphereBoxCalculator;
				PRODUCT_NAME = SphereBoxCalculator;
				SDKROOT = iphoneos;
				SWIFT_VERSION = 5.0;
				TARGETED_DEVICE_FAMILY = "1,2";
			};
			name = Debug;
		};
		D5A050C725BB8F8600B34E7C /* Release */ = {
			isa = XCBuildConfiguration;
			buildSettings = {
				ASSETCATALOG_COMPILER_APPICON_NAME = AppIcon;
				ASSETCATALOG_COMPILER_GLOBAL_ACCENT_COLOR_NAME = AccentColor;
				CODE_SIGN_STYLE = Automatic;
				DEVELOPMENT_TEAM = 3CJZCVG5JC;
				ENABLE_PREVIEWS = YES;
				INFOPLIST_FILE = iOS/Info.plist;
				IPHONEOS_DEPLOYMENT_TARGET = 14.0;
				LD_RUNPATH_SEARCH_PATHS = (
					"$(inherited)",
					"@executable_path/Frameworks",
				);
				PRODUCT_BUNDLE_IDENTIFIER = com.SLIIT.SphereBoxCalculator;
				PRODUCT_NAME = SphereBoxCalculator;
				SDKROOT = iphoneos;
				SWIFT_VERSION = 5.0;
				TARGETED_DEVICE_FAMILY = "1,2";
				VALIDATE_PRODUCT = YES;
			};
			name = Release;
		};
		D5A050C925BB8F8600B34E7C /* Debug */ = {
			isa = XCBuildConfiguration;
			buildSettings = {
				ASSETCATALOG_COMPILER_APPICON_NAME = AppIcon;
				ASSETCATALOG_COMPILER_GLOBAL_ACCENT_COLOR_NAME = AccentColor;
				CODE_SIGN_ENTITLEMENTS = macOS/macOS.entitlements;
				CODE_SIGN_STYLE = Automatic;
				COMBINE_HIDPI_IMAGES = YES;
				DEVELOPMENT_TEAM = 3CJZCVG5JC;
				ENABLE_HARDENED_RUNTIME = YES;
				ENABLE_PREVIEWS = YES;
				INFOPLIST_FILE = macOS/Info.plist;
				LD_RUNPATH_SEARCH_PATHS = (
					"$(inherited)",
					"@executable_path/../Frameworks",
				);
				MACOSX_DEPLOYMENT_TARGET = 11.0;
				PRODUCT_BUNDLE_IDENTIFIER = com.SLIIT.SphereBoxCalculator;
				PRODUCT_NAME = SphereBoxCalculator;
				SDKROOT = macosx;
				SWIFT_VERSION = 5.0;
			};
			name = Debug;
		};
		D5A050CA25BB8F8600B34E7C /* Release */ = {
			isa = XCBuildConfiguration;
			buildSettings = {
				ASSETCATALOG_COMPILER_APPICON_NAME = AppIcon;
				ASSETCATALOG_COMPILER_GLOBAL_ACCENT_COLOR_NAME = AccentColor;
				CODE_SIGN_ENTITLEMENTS = macOS/macOS.entitlements;
				CODE_SIGN_STYLE = Automatic;
				COMBINE_HIDPI_IMAGES = YES;
				DEVELOPMENT_TEAM = 3CJZCVG5JC;
				ENABLE_HARDENED_RUNTIME = YES;
				ENABLE_PREVIEWS = YES;
				INFOPLIST_FILE = macOS/Info.plist;
				LD_RUNPATH_SEARCH_PATHS = (
					"$(inherited)",
					"@executable_path/../Frameworks",
				);
				MACOSX_DEPLOYMENT_TARGET = 11.0;
				PRODUCT_BUNDLE_IDENTIFIER = com.SLIIT.SphereBoxCalculator;
				PRODUCT_NAME = SphereBoxCalculator;
				SDKROOT = macosx;
				SWIFT_VERSION = 5.0;
			};
			name = Release;
		};
		D5A050CC25BB8F8600B34E7C /* Debug */ = {
			isa = XCBuildConfiguration;
			buildSettings = {
				ALWAYS_EMBED_SWIFT_STANDARD_LIBRARIES = YES;
				CODE_SIGN_STYLE = Automatic;
				DEVELOPMENT_TEAM = 3CJZCVG5JC;
				INFOPLIST_FILE = "Tests iOS/Info.plist";
				IPHONEOS_DEPLOYMENT_TARGET = 14.3;
				LD_RUNPATH_SEARCH_PATHS = (
					"$(inherited)",
					"@executable_path/Frameworks",
					"@loader_path/Frameworks",
				);
				PRODUCT_BUNDLE_IDENTIFIER = "com.SLIIT.Tests-iOS";
				PRODUCT_NAME = "$(TARGET_NAME)";
				SDKROOT = iphoneos;
				SWIFT_VERSION = 5.0;
				TARGETED_DEVICE_FAMILY = "1,2";
				TEST_TARGET_NAME = "SphereBoxCalculator (iOS)";
			};
			name = Debug;
		};
		D5A050CD25BB8F8600B34E7C /* Release */ = {
			isa = XCBuildConfiguration;
			buildSettings = {
				ALWAYS_EMBED_SWIFT_STANDARD_LIBRARIES = YES;
				CODE_SIGN_STYLE = Automatic;
				DEVELOPMENT_TEAM = 3CJZCVG5JC;
				INFOPLIST_FILE = "Tests iOS/Info.plist";
				IPHONEOS_DEPLOYMENT_TARGET = 14.3;
				LD_RUNPATH_SEARCH_PATHS = (
					"$(inherited)",
					"@executable_path/Frameworks",
					"@loader_path/Frameworks",
				);
				PRODUCT_BUNDLE_IDENTIFIER = "com.SLIIT.Tests-iOS";
				PRODUCT_NAME = "$(TARGET_NAME)";
				SDKROOT = iphoneos;
				SWIFT_VERSION = 5.0;
				TARGETED_DEVICE_FAMILY = "1,2";
				TEST_TARGET_NAME = "SphereBoxCalculator (iOS)";
				VALIDATE_PRODUCT = YES;
			};
			name = Release;
		};
		D5A050CF25BB8F8600B34E7C /* Debug */ = {
			isa = XCBuildConfiguration;
			buildSettings = {
				ALWAYS_EMBED_SWIFT_STANDARD_LIBRARIES = YES;
				CODE_SIGN_STYLE = Automatic;
				COMBINE_HIDPI_IMAGES = YES;
				DEVELOPMENT_TEAM = 3CJZCVG5JC;
				INFOPLIST_FILE = "Tests macOS/Info.plist";
				LD_RUNPATH_SEARCH_PATHS = (
					"$(inherited)",
					"@executable_path/../Frameworks",
					"@loader_path/../Frameworks",
				);
				MACOSX_DEPLOYMENT_TARGET = 11.1;
				PRODUCT_BUNDLE_IDENTIFIER = "com.SLIIT.Tests-macOS";
				PRODUCT_NAME = "$(TARGET_NAME)";
				SDKROOT = macosx;
				SWIFT_VERSION = 5.0;
				TEST_TARGET_NAME = "SphereBoxCalculator (macOS)";
			};
			name = Debug;
		};
		D5A050D025BB8F8600B34E7C /* Release */ = {
			isa = XCBuildConfiguration;
			buildSettings = {
				ALWAYS_EMBED_SWIFT_STANDARD_LIBRARIES = YES;
				CODE_SIGN_STYLE = Automatic;
				COMBINE_HIDPI_IMAGES = YES;
				DEVELOPMENT_TEAM = 3CJZCVG5JC;
				INFOPLIST_FILE = "Tests macOS/Info.plist";
				LD_RUNPATH_SEARCH_PATHS = (
					"$(inherited)",
					"@executable_path/../Frameworks",
					"@loader_path/../Frameworks",
				);
				MACOSX_DEPLOYMENT_TARGET = 11.1;
				PRODUCT_BUNDLE_IDENTIFIER = "com.SLIIT.Tests-macOS";
				PRODUCT_NAME = "$(TARGET_NAME)";
				SDKROOT = macosx;
				SWIFT_VERSION = 5.0;
				TEST_TARGET_NAME = "SphereBoxCalculator (macOS)";
			};
			name = Release;
		};
/* End XCBuildConfiguration section */

/* Begin XCConfigurationList section */
		D5A0509225BB8F8300B34E7C /* Build configuration list for PBXProject "SphereBoxCalculator" */ = {
			isa = XCConfigurationList;
			buildConfigurations = (
				D5A050C325BB8F8600B34E7C /* Debug */,
				D5A050C425BB8F8600B34E7C /* Release */,
			);
			defaultConfigurationIsVisible = 0;
			defaultConfigurationName = Release;
		};
		D5A050C525BB8F8600B34E7C /* Build configuration list for PBXNativeTarget "SphereBoxCalculator (iOS)" */ = {
			isa = XCConfigurationList;
			buildConfigurations = (
				D5A050C625BB8F8600B34E7C /* Debug */,
				D5A050C725BB8F8600B34E7C /* Release */,
			);
			defaultConfigurationIsVisible = 0;
			defaultConfigurationName = Release;
		};
		D5A050C825BB8F8600B34E7C /* Build configuration list for PBXNativeTarget "SphereBoxCalculator (macOS)" */ = {
			isa = XCConfigurationList;
			buildConfigurations = (
				D5A050C925BB8F8600B34E7C /* Debug */,
				D5A050CA25BB8F8600B34E7C /* Release */,
			);
			defaultConfigurationIsVisible = 0;
			defaultConfigurationName = Release;
		};
		D5A050CB25BB8F8600B34E7C /* Build configuration list for PBXNativeTarget "Tests iOS" */ = {
			isa = XCConfigurationList;
			buildConfigurations = (
				D5A050CC25BB8F8600B34E7C /* Debug */,
				D5A050CD25BB8F8600B34E7C /* Release */,
			);
			defaultConfigurationIsVisible = 0;
			defaultConfigurationName = Release;
		};
		D5A050CE25BB8F8600B34E7C /* Build configuration list for PBXNativeTarget "Tests macOS" */ = {
			isa = XCConfigurationList;
			buildConfigurations = (
				D5A050CF25BB8F8600B34E7C /* Debug */,
				D5A050D025BB8F8600B34E7C /* Release */,
			);
			defaultConfigurationIsVisible = 0;
			defaultConfigurationName = Release;
		};
/* End XCConfigurationList section */
	};
	rootObject = D5A0508F25BB8F8300B34E7C /* Project object */;
}
